PODS:
  - SCDataSDK_O (2.0.0):
    - SQLite.swift
  - SQLite.swift (0.14.1):
    - SQLite.swift/standard (= 0.14.1)
  - SQLite.swift/standard (0.14.1)

DEPENDENCIES:
  - SCDataSDK_O (from `../`)

SPEC REPOS:
  trunk:
    - SQLite.swift

EXTERNAL SOURCES:
  SCDataSDK_O:
    :path: "../"

SPEC CHECKSUMS:
  SCDataSDK_O: b1dc9c6c23bc1e538af43771fc15ca6475a4a6bf
  SQLite.swift: 2992550ebf3c5b268bf4352603e3df87d2a4ed72

PODFILE CHECKSUM: aa1fdc159a6d8c49373773fd72bfa85d90998edc

COCOAPODS: 1.15.2
